
Microsoft Visual Studio Solution File, Format Version 12.00
# Visual Studio Version 16
VisualStudioVersion = 16.0.30128.74
MinimumVisualStudioVersion = 10.0.40219.1
Project("{9A19103F-16F7-4668-BE54-9A1E7A4F7556}") = "Ids4.Server", "Ids4.Server\Ids4.Server.csproj", "{D4CC6F98-C364-4294-AB83-5F465DF3C831}"
EndProject
Project("{9A19103F-16F7-4668-BE54-9A1E7A4F7556}") = "GrpcService", "GrpcService\GrpcService.csproj", "{B9644CB8-F99D-4832-AEA4-3CCA4E7BC693}"
EndProject
Project("{9A19103F-16F7-4668-BE54-9A1E7A4F7556}") = "GrpcClient", "GrpcClient\GrpcClient.csproj", "{C61A0285-840A-418C-9289-EA77A3C9205C}"
EndProject
Project("{2150E333-8FDC-42A3-9474-1A3956D46DE8}") = "Solution Items", "Solution Items", "{8B1D94DD-AAD7-4435-A6D0-30863D2E68D0}"
	ProjectSection(SolutionItems) = preProject
		README.md = README.md
	EndProjectSection
EndProject
Global
	GlobalSection(SolutionConfigurationPlatforms) = preSolution
		Debug|Any CPU = Debug|Any CPU
		Release|Any CPU = Release|Any CPU
	EndGlobalSection
	GlobalSection(ProjectConfigurationPlatforms) = postSolution
		{D4CC6F98-C364-4294-AB83-5F465DF3C831}.Debug|Any CPU.ActiveCfg = Debug|Any CPU
		{D4CC6F98-C364-4294-AB83-5F465DF3C831}.Debug|Any CPU.Build.0 = Debug|Any CPU
		{D4CC6F98-C364-4294-AB83-5F465DF3C831}.Release|Any CPU.ActiveCfg = Release|Any CPU
		{D4CC6F98-C364-4294-AB83-5F465DF3C831}.Release|Any CPU.Build.0 = Release|Any CPU
		{B9644CB8-F99D-4832-AEA4-3CCA4E7BC693}.Debug|Any CPU.ActiveCfg = Debug|Any CPU
		{B9644CB8-F99D-4832-AEA4-3CCA4E7BC693}.Debug|Any CPU.Build.0 = Debug|Any CPU
		{B9644CB8-F99D-4832-AEA4-3CCA4E7BC693}.Release|Any CPU.ActiveCfg = Release|Any CPU
		{B9644CB8-F99D-4832-AEA4-3CCA4E7BC693}.Release|Any CPU.Build.0 = Release|Any CPU
		{C61A0285-840A-418C-9289-EA77A3C9205C}.Debug|Any CPU.ActiveCfg = Debug|Any CPU
		{C61A0285-840A-418C-9289-EA77A3C9205C}.Debug|Any CPU.Build.0 = Debug|Any CPU
		{C61A0285-840A-418C-9289-EA77A3C9205C}.Release|Any CPU.ActiveCfg = Release|Any CPU
		{C61A0285-840A-418C-9289-EA77A3C9205C}.Release|Any CPU.Build.0 = Release|Any CPU
	EndGlobalSection
	GlobalSection(SolutionProperties) = preSolution
		HideSolutionNode = FALSE
	EndGlobalSection
	GlobalSection(ExtensibilityGlobals) = postSolution
		SolutionGuid = {7EE3766E-A0D9-46B3-B61B-5964D934BEED}
	EndGlobalSection
EndGlobal
